
Microsoft Visual Studio Solution File, Format Version 12.00
# Visual Studio Version 17
VisualStudioVersion = 17.8.34322.80
MinimumVisualStudioVersion = 10.0.40219.1
Project("{FAE04EC0-301F-11D3-BF4B-00C04F79EFBC}") = "Revit_Template", "Revit_Template\Revit_Template.csproj", "{3340B538-8EE3-4E31-B33A-FF36EB94039B}"
EndProject
Global
	GlobalSection(SolutionConfigurationPlatforms) = preSolution
		Debug|Any CPU = Debug|Any CPU
		Release|Any CPU = Release|Any CPU
	EndGlobalSection
	GlobalSection(ProjectConfigurationPlatforms) = postSolution
		{3340B538-8EE3-4E31-B33A-FF36EB94039B}.Debug|Any CPU.ActiveCfg = Debug|Any CPU
		{3340B538-8EE3-4E31-B33A-FF36EB94039B}.Debug|Any CPU.Build.0 = Debug|Any CPU
		{3340B538-8EE3-4E31-B33A-FF36EB94039B}.Release|Any CPU.ActiveCfg = Release|Any CPU
		{3340B538-8EE3-4E31-B33A-FF36EB94039B}.Release|Any CPU.Build.0 = Release|Any CPU
	EndGlobalSection
	GlobalSection(SolutionProperties) = preSolution
		HideSolutionNode = FALSE
	EndGlobalSection
	GlobalSection(ExtensibilityGlobals) = postSolution
		SolutionGuid = {A9AD7D13-DC30-40B8-AC52-FF5E7459ED6D}
	EndGlobalSection
EndGlobal
